// !$*UTF8*$!
{
	archiveVersion = 1;
	classes = {
	};
	objectVersion = 51;
	objects = {

/* Begin PBXBuildFile section */
		76EB4202B8C9B90125E2620C /* Pods_Tinder_iOS__Clone_.framework in Frameworks */ = {isa = PBXBuildFile; fileRef = A9FEB6A0961AE5CDC2740F5C /* Pods_Tinder_iOS__Clone_.framework */; };
		8AC23A2423DCB4F6005AF29E /* LoginSignupViewController.swift in Sources */ = {isa = PBXBuildFile; fileRef = 8AC23A2323DCB4F6005AF29E /* LoginSignupViewController.swift */; };
		8AD129D923D97F380021B8AE /* AppDelegate.swift in Sources */ = {isa = PBXBuildFile; fileRef = 8AD129D823D97F380021B8AE /* AppDelegate.swift */; };
		8AD129DB23D97F380021B8AE /* SwipeObjectViewController.swift in Sources */ = {isa = PBXBuildFile; fileRef = 8AD129DA23D97F380021B8AE /* SwipeObjectViewController.swift */; };
		8AD129DE23D97F380021B8AE /* Main.storyboard in Resources */ = {isa = PBXBuildFile; fileRef = 8AD129DC23D97F380021B8AE /* Main.storyboard */; };
		8AD129E023D97F3B0021B8AE /* Assets.xcassets in Resources */ = {isa = PBXBuildFile; fileRef = 8AD129DF23D97F3B0021B8AE /* Assets.xcassets */; };
		8AD129E323D97F3B0021B8AE /* LaunchScreen.storyboard in Resources */ = {isa = PBXBuildFile; fileRef = 8AD129E123D97F3B0021B8AE /* LaunchScreen.storyboard */; };
/* End PBXBuildFile section */

/* Begin PBXFileReference section */
		8AC23A2323DCB4F6005AF29E /* LoginSignupViewController.swift */ = {isa = PBXFileReference; lastKnownFileType = sourcecode.swift; path = LoginSignupViewController.swift; sourceTree = "<group>"; };
		8AD129D523D97F380021B8AE /* Tinder iOS (Clone).app */ = {isa = PBXFileReference; explicitFileType = wrapper.application; includeInIndex = 0; path = "Tinder iOS (Clone).app"; sourceTree = BUILT_PRODUCTS_DIR; };
		8AD129D823D97F380021B8AE /* AppDelegate.swift */ = {isa = PBXFileReference; lastKnownFileType = sourcecode.swift; path = AppDelegate.swift; sourceTree = "<group>"; };
		8AD129DA23D97F380021B8AE /* SwipeObjectViewController.swift */ = {isa = PBXFileReference; lastKnownFileType = sourcecode.swift; path = SwipeObjectViewController.swift; sourceTree = "<group>"; };
		8AD129DD23D97F380021B8AE /* Base */ = {isa = PBXFileReference; lastKnownFileType = file.storyboard; name = Base; path = Base.lproj/Main.storyboard; sourceTree = "<group>"; };
		8AD129DF23D97F3B0021B8AE /* Assets.xcassets */ = {isa = PBXFileReference; lastKnownFileType = folder.assetcatalog; path = Assets.xcassets; sourceTree = "<group>"; };
		8AD129E223D97F3B0021B8AE /* Base */ = {isa = PBXFileReference; lastKnownFileType = file.storyboard; name = Base; path = Base.lproj/LaunchScreen.storyboard; sourceTree = "<group>"; };
		8AD129E423D97F3B0021B8AE /* Info.plist */ = {isa = PBXFileReference; lastKnownFileType = text.plist.xml; path = Info.plist; sourceTree = "<group>"; };
		9B45A275D483199444B6B7F1 /* Pods-Tinder iOS (Clone).debug.xcconfig */ = {isa = PBXFileReference; includeInIndex = 1; lastKnownFileType = text.xcconfig; name = "Pods-Tinder iOS (Clone).debug.xcconfig"; path = "Target Support Files/Pods-Tinder iOS (Clone)/Pods-Tinder iOS (Clone).debug.xcconfig"; sourceTree = "<group>"; };
		A9FEB6A0961AE5CDC2740F5C /* Pods_Tinder_iOS__Clone_.framework */ = {isa = PBXFileReference; explicitFileType = wrapper.framework; includeInIndex = 0; path = Pods_Tinder_iOS__Clone_.framework; sourceTree = BUILT_PRODUCTS_DIR; };
		CCE32E804DE715D23322C740 /* Pods-Tinder iOS (Clone).release.xcconfig */ = {isa = PBXFileReference; includeInIndex = 1; lastKnownFileType = text.xcconfig; name = "Pods-Tinder iOS (Clone).release.xcconfig"; path = "Target Support Files/Pods-Tinder iOS (Clone)/Pods-Tinder iOS (Clone).release.xcconfig"; sourceTree = "<group>"; };
/* End PBXFileReference section */

/* Begin PBXFrameworksBuildPhase section */
		8AD129D223D97F380021B8AE /* Frameworks */ = {
			isa = PBXFrameworksBuildPhase;
			buildActionMask = 2147483647;
			files = (
				76EB4202B8C9B90125E2620C /* Pods_Tinder_iOS__Clone_.framework in Frameworks */,
			);
			runOnlyForDeploymentPostprocessing = 0;
		};
/* End PBXFrameworksBuildPhase section */

/* Begin PBXGroup section */
		8AD129CC23D97F380021B8AE = {
			isa = PBXGroup;
			children = (
				8AD129D723D97F380021B8AE /* Tinder iOS (Clone) */,
				8AD129D623D97F380021B8AE /* Products */,
				8CFF6187325D8D3F286BAFEF /* Pods */,
				D09DAC70AC3623FFE45314EB /* Frameworks */,
			);
			sourceTree = "<group>";
		};
		8AD129D623D97F380021B8AE /* Products */ = {
			isa = PBXGroup;
			children = (
				8AD129D523D97F380021B8AE /* Tinder iOS (Clone).app */,
			);
			name = Products;
			sourceTree = "<group>";
		};
		8AD129D723D97F380021B8AE /* Tinder iOS (Clone) */ = {
			isa = PBXGroup;
			children = (
				8AD129D823D97F380021B8AE /* AppDelegate.swift */,
				8AC23A2323DCB4F6005AF29E /* LoginSignupViewController.swift */,
				8AD129DA23D97F380021B8AE /* SwipeObjectViewController.swift */,
				8AD129DC23D97F380021B8AE /* Main.storyboard */,
				8AD129DF23D97F3B0021B8AE /* Assets.xcassets */,
				8AD129E123D97F3B0021B8AE /* LaunchScreen.storyboard */,
				8AD129E423D97F3B0021B8AE /* Info.plist */,
			);
			path = "Tinder iOS (Clone)";
			sourceTree = "<group>";
		};
		8CFF6187325D8D3F286BAFEF /* Pods */ = {
			isa = PBXGroup;
			children = (
				9B45A275D483199444B6B7F1 /* Pods-Tinder iOS (Clone).debug.xcconfig */,
				CCE32E804DE715D23322C740 /* Pods-Tinder iOS (Clone).release.xcconfig */,
			);
			path = Pods;
			sourceTree = "<group>";
		};
		D09DAC70AC3623FFE45314EB /* Frameworks */ = {
			isa = PBXGroup;
			children = (
				A9FEB6A0961AE5CDC2740F5C /* Pods_Tinder_iOS__Clone_.framework */,
			);
			name = Frameworks;
			sourceTree = "<group>";
		};
/* End PBXGroup section */

/* Begin PBXNativeTarget section */
		8AD129D423D97F380021B8AE /* Tinder iOS (Clone) */ = {
			isa = PBXNativeTarget;
			buildConfigurationList = 8AD129E723D97F3B0021B8AE /* Build configuration list for PBXNativeTarget "Tinder iOS (Clone)" */;
			buildPhases = (
				62F43C5333A543529CEADB7B /* [CP] Check Pods Manifest.lock */,
				8AD129D123D97F380021B8AE /* Sources */,
				8AD129D223D97F380021B8AE /* Frameworks */,
				8AD129D323D97F380021B8AE /* Resources */,
				C55482CAAA0CBBCE502DC315 /* [CP] Embed Pods Frameworks */,
			);
			buildRules = (
			);
			dependencies = (
			);
			name = "Tinder iOS (Clone)";
			productName = "Tinder iOS (Clone)";
			productReference = 8AD129D523D97F380021B8AE /* Tinder iOS (Clone).app */;
			productType = "com.apple.product-type.application";
		};
/* End PBXNativeTarget section */

/* Begin PBXProject section */
		8AD129CD23D97F380021B8AE /* Project object */ = {
			isa = PBXProject;
			attributes = {
				LastSwiftUpdateCheck = 1010;
				LastUpgradeCheck = 1010;
				ORGANIZATIONNAME = "Jerry Tan";
				TargetAttributes = {
					8AD129D423D97F380021B8AE = {
						CreatedOnToolsVersion = 10.1;
					};
				};
			};
			buildConfigurationList = 8AD129D023D97F380021B8AE /* Build configuration list for PBXProject "Tinder iOS (Clone)" */;
			compatibilityVersion = "Xcode 9.3";
			developmentRegion = en;
			hasScannedForEncodings = 0;
			knownRegions = (
				en,
				Base,
			);
			mainGroup = 8AD129CC23D97F380021B8AE;
			productRefGroup = 8AD129D623D97F380021B8AE /* Products */;
			projectDirPath = "";
			projectRoot = "";
			targets = (
				8AD129D423D97F380021B8AE /* Tinder iOS (Clone) */,
			);
		};
/* End PBXProject section */

/* Begin PBXResourcesBuildPhase section */
		8AD129D323D97F380021B8AE /* Resources */ = {
			isa = PBXResourcesBuildPhase;
			buildActionMask = 2147483647;
			files = (
				8AD129E323D97F3B0021B8AE /* LaunchScreen.storyboard in Resources */,
				8AD129E023D97F3B0021B8AE /* Assets.xcassets in Resources */,
				8AD129DE23D97F380021B8AE /* Main.storyboard in Resources */,
			);
			runOnlyForDeploymentPostprocessing = 0;
		};
/* End PBXResourcesBuildPhase section */

/* Begin PBXShellScriptBuildPhase section */
		62F43C5333A543529CEADB7B /* [CP] Check Pods Manifest.lock */ = {
			isa = PBXShellScriptBuildPhase;
			buildActionMask = 2147483647;
			files = (
			);
			inputFileListPaths = (
			);
			inputPaths = (
				"${PODS_PODFILE_DIR_PATH}/Podfile.lock",
				"${PODS_ROOT}/Manifest.lock",
			);
			name = "[CP] Check Pods Manifest.lock";
			outputFileListPaths = (
			);
			outputPaths = (
				"$(DERIVED_FILE_DIR)/Pods-Tinder iOS (Clone)-checkManifestLockResult.txt",
			);
			runOnlyForDeploymentPostprocessing = 0;
			shellPath = /bin/sh;
			shellScript = "diff \"${PODS_PODFILE_DIR_PATH}/Podfile.lock\" \"${PODS_ROOT}/Manifest.lock\" > /dev/null\nif [ $? != 0 ] ; then\n    # print error to STDERR\n    echo \"error: The sandbox is not in sync with the Podfile.lock. Run 'pod install' or update your CocoaPods installation.\" >&2\n    exit 1\nfi\n# This output is used by Xcode 'outputs' to avoid re-running this script phase.\necho \"SUCCESS\" > \"${SCRIPT_OUTPUT_FILE_0}\"\n";
			showEnvVarsInLog = 0;
		};
		C55482CAAA0CBBCE502DC315 /* [CP] Embed Pods Frameworks */ = {
			isa = PBXShellScriptBuildPhase;
			buildActionMask = 2147483647;
			files = (
			);
			inputFileListPaths = (
				"${PODS_ROOT}/Target Support Files/Pods-Tinder iOS (Clone)/Pods-Tinder iOS (Clone)-frameworks-${CONFIGURATION}-input-files.xcfilelist",
			);
			name = "[CP] Embed Pods Frameworks";
			outputFileListPaths = (
				"${PODS_ROOT}/Target Support Files/Pods-Tinder iOS (Clone)/Pods-Tinder iOS (Clone)-frameworks-${CONFIGURATION}-output-files.xcfilelist",
			);
			runOnlyForDeploymentPostprocessing = 0;
			shellPath = /bin/sh;
			shellScript = "\"${PODS_ROOT}/Target Support Files/Pods-Tinder iOS (Clone)/Pods-Tinder iOS (Clone)-frameworks.sh\"\n";
			showEnvVarsInLog = 0;
		};
/* End PBXShellScriptBuildPhase section */

/* Begin PBXSourcesBuildPhase section */
		8AD129D123D97F380021B8AE /* Sources */ = {
			isa = PBXSourcesBuildPhase;
			buildActionMask = 2147483647;
			files = (
				8AD129DB23D97F380021B8AE /* SwipeObjectViewController.swift in Sources */,
				8AC23A2423DCB4F6005AF29E /* LoginSignupViewController.swift in Sources */,
				8AD129D923D97F380021B8AE /* AppDelegate.swift in Sources */,
			);
			runOnlyForDeploymentPostprocessing = 0;
		};
/* End PBXSourcesBuildPhase section */

/* Begin PBXVariantGroup section */
		8AD129DC23D97F380021B8AE /* Main.storyboard */ = {
			isa = PBXVariantGroup;
			children = (
				8AD129DD23D97F380021B8AE /* Base */,
			);
			name = Main.storyboard;
			sourceTree = "<group>";
		};
		8AD129E123D97F3B0021B8AE /* LaunchScreen.storyboard */ = {
			isa = PBXVariantGroup;
			children = (
				8AD129E223D97F3B0021B8AE /* Base */,
			);
			name = LaunchScreen.storyboard;
			sourceTree = "<group>";
		};
/* End PBXVariantGroup section */

/* Begin XCBuildConfiguration section */
		8AD129E523D97F3B0021B8AE /* Debug */ = {
			isa = XCBuildConfiguration;
			buildSettings = {
				ALWAYS_SEARCH_USER_PATHS = NO;
				CLANG_ANALYZER_NONNULL = YES;
				CLANG_ANALYZER_NUMBER_OBJECT_CONVERSION = YES_AGGRESSIVE;
				CLANG_CXX_LANGUAGE_STANDARD = "gnu++14";
				CLANG_CXX_LIBRARY = "libc++";
				CLANG_ENABLE_MODULES = YES;
				CLANG_ENABLE_OBJC_ARC = YES;
				CLANG_ENABLE_OBJC_WEAK = YES;
				CLANG_WARN_BLOCK_CAPTURE_AUTORELEASING = YES;
				CLANG_WARN_BOOL_CONVERSION = YES;
				CLANG_WARN_COMMA = YES;
				CLANG_WARN_CONSTANT_CONVERSION = YES;
				CLANG_WARN_DEPRECATED_OBJC_IMPLEMENTATIONS = YES;
				CLANG_WARN_DIRECT_OBJC_ISA_USAGE = YES_ERROR;
				CLANG_WARN_DOCUMENTATION_COMMENTS = YES;
				CLANG_WARN_EMPTY_BODY = YES;
				CLANG_WARN_ENUM_CONVERSION = YES;
				CLANG_WARN_INFINITE_RECURSION = YES;
				CLANG_WARN_INT_CONVERSION = YES;
				CLANG_WARN_NON_LITERAL_NULL_CONVERSION = YES;
				CLANG_WARN_OBJC_IMPLICIT_RETAIN_SELF = YES;
				CLANG_WARN_OBJC_LITERAL_CONVERSION = YES;
				CLANG_WARN_OBJC_ROOT_CLASS = YES_ERROR;
				CLANG_WARN_RANGE_LOOP_ANALYSIS = YES;
				CLANG_WARN_STRICT_PROTOTYPES = YES;
				CLANG_WARN_SUSPICIOUS_MOVE = YES;
				CLANG_WARN_UNGUARDED_AVAILABILITY = YES_AGGRESSIVE;
				CLANG_WARN_UNREACHABLE_CODE = YES;
				CLANG_WARN__DUPLICATE_METHOD_MATCH = YES;
				CODE_SIGN_IDENTITY = "iPhone Developer";
				COPY_PHASE_STRIP = NO;
				DEBUG_INFORMATION_FORMAT = dwarf;
				ENABLE_STRICT_OBJC_MSGSEND = YES;
				ENABLE_TESTABILITY = YES;
				GCC_C_LANGUAGE_STANDARD = gnu11;
				GCC_DYNAMIC_NO_PIC = NO;
				GCC_NO_COMMON_BLOCKS = YES;
				GCC_OPTIMIZATION_LEVEL = 0;
				GCC_PREPROCESSOR_DEFINITIONS = (
					"DEBUG=1",
					"$(inherited)",
				);
				GCC_WARN_64_TO_32_BIT_CONVERSION = YES;
				GCC_WARN_ABOUT_RETURN_TYPE = YES_ERROR;
				GCC_WARN_UNDECLARED_SELECTOR = YES;
				GCC_WARN_UNINITIALIZED_AUTOS = YES_AGGRESSIVE;
				GCC_WARN_UNUSED_FUNCTION = YES;
				GCC_WARN_UNUSED_VARIABLE = YES;
				IPHONEOS_DEPLOYMENT_TARGET = 12.1;
				MTL_ENABLE_DEBUG_INFO = INCLUDE_SOURCE;
				MTL_FAST_MATH = YES;
				ONLY_ACTIVE_ARCH = YES;
				SDKROOT = iphoneos;
				SWIFT_ACTIVE_COMPILATION_CONDITIONS = DEBUG;
				SWIFT_OPTIMIZATION_LEVEL = "-Onone";
			};
			name = Debug;
		};
		8AD129E623D97F3B0021B8AE /* Release */ = {
			isa = XCBuildConfiguration;
			buildSettings = {
				ALWAYS_SEARCH_USER_PATHS = NO;
				CLANG_ANALYZER_NONNULL = YES;
				CLANG_ANALYZER_NUMBER_OBJECT_CONVERSION = YES_AGGRESSIVE;
				CLANG_CXX_LANGUAGE_STANDARD = "gnu++14";
				CLANG_CXX_LIBRARY = "libc++";
				CLANG_ENABLE_MODULES = YES;
				CLANG_ENABLE_OBJC_ARC = YES;
				CLANG_ENABLE_OBJC_WEAK = YES;
				CLANG_WARN_BLOCK_CAPTURE_AUTORELEASING = YES;
				CLANG_WARN_BOOL_CONVERSION = YES;
				CLANG_WARN_COMMA = YES;
				CLANG_WARN_CONSTANT_CONVERSION = YES;
				CLANG_WARN_DEPRECATED_OBJC_IMPLEMENTATIONS = YES;
				CLANG_WARN_DIRECT_OBJC_ISA_USAGE = YES_ERROR;
				CLANG_WARN_DOCUMENTATION_COMMENTS = YES;
				CLANG_WARN_EMPTY_BODY = YES;
				CLANG_WARN_ENUM_CONVERSION = YES;
				CLANG_WARN_INFINITE_RECURSION = YES;
				CLANG_WARN_INT_CONVERSION = YES;
				CLANG_WARN_NON_LITERAL_NULL_CONVERSION = YES;
				CLANG_WARN_OBJC_IMPLICIT_RETAIN_SELF = YES;
				CLANG_WARN_OBJC_LITERAL_CONVERSION = YES;
				CLANG_WARN_OBJC_ROOT_CLASS = YES_ERROR;
				CLANG_WARN_RANGE_LOOP_ANALYSIS = YES;
				CLANG_WARN_STRICT_PROTOTYPES = YES;
				CLANG_WARN_SUSPICIOUS_MOVE = YES;
				CLANG_WARN_UNGUARDED_AVAILABILITY = YES_AGGRESSIVE;
				CLANG_WARN_UNREACHABLE_CODE = YES;
				CLANG_WARN__DUPLICATE_METHOD_MATCH = YES;
				CODE_SIGN_IDENTITY = "iPhone Developer";
				COPY_PHASE_STRIP = NO;
				DEBUG_INFORMATION_FORMAT = "dwarf-with-dsym";
				ENABLE_NS_ASSERTIONS = NO;
				ENABLE_STRICT_OBJC_MSGSEND = YES;
				GCC_C_LANGUAGE_STANDARD = gnu11;
				GCC_NO_COMMON_BLOCKS = YES;
				GCC_WARN_64_TO_32_BIT_CONVERSION = YES;
				GCC_WARN_ABOUT_RETURN_TYPE = YES_ERROR;
				GCC_WARN_UNDECLARED_SELECTOR = YES;
				GCC_WARN_UNINITIALIZED_AUTOS = YES_AGGRESSIVE;
				GCC_WARN_UNUSED_FUNCTION = YES;
				GCC_WARN_UNUSED_VARIABLE = YES;
				IPHONEOS_DEPLOYMENT_TARGET = 12.1;
				MTL_ENABLE_DEBUG_INFO = NO;
				MTL_FAST_MATH = YES;
				SDKROOT = iphoneos;
				SWIFT_COMPILATION_MODE = wholemodule;
				SWIFT_OPTIMIZATION_LEVEL = "-O";
				VALIDATE_PRODUCT = YES;
			};
			name = Release;
		};
		8AD129E823D97F3B0021B8AE /* Debug */ = {
			isa = XCBuildConfiguration;
			baseConfigurationReference = 9B45A275D483199444B6B7F1 /* Pods-Tinder iOS (Clone).debug.xcconfig */;
			buildSettings = {
				ASSETCATALOG_COMPILER_APPICON_NAME = AppIcon;
				CODE_SIGN_STYLE = Automatic;
				DEVELOPMENT_TEAM = QVS959RA29;
				INFOPLIST_FILE = "Tinder iOS (Clone)/Info.plist";
				LD_RUNPATH_SEARCH_PATHS = (
					"$(inherited)",
					"@executable_path/Frameworks",
				);
				PRODUCT_BUNDLE_IDENTIFIER = "com.starknettechnologies.Tinder-iOS--Clone-";
				PRODUCT_NAME = "$(TARGET_NAME)";
				SWIFT_VERSION = 4.2;
				TARGETED_DEVICE_FAMILY = "1,2";
			};
			name = Debug;
		};
		8AD129E923D97F3B0021B8AE /* Release */ = {
			isa = XCBuildConfiguration;
			baseConfigurationReference = CCE32E804DE715D23322C740 /* Pods-Tinder iOS (Clone).release.xcconfig */;
			buildSettings = {
				ASSETCATALOG_COMPILER_APPICON_NAME = AppIcon;
				CODE_SIGN_STYLE = Automatic;
				DEVELOPMENT_TEAM = QVS959RA29;
				INFOPLIST_FILE = "Tinder iOS (Clone)/Info.plist";
				LD_RUNPATH_SEARCH_PATHS = (
					"$(inherited)",
					"@executable_path/Frameworks",
				);
				PRODUCT_BUNDLE_IDENTIFIER = "com.starknettechnologies.Tinder-iOS--Clone-";
				PRODUCT_NAME = "$(TARGET_NAME)";
				SWIFT_VERSION = 4.2;
				TARGETED_DEVICE_FAMILY = "1,2";
			};
			name = Release;
		};
/* End XCBuildConfiguration section */

/* Begin XCConfigurationList section */
		8AD129D023D97F380021B8AE /* Build configuration list for PBXProject "Tinder iOS (Clone)" */ = {
			isa = XCConfigurationList;
			buildConfigurations = (
				8AD129E523D97F3B0021B8AE /* Debug */,
				8AD129E623D97F3B0021B8AE /* Release */,
			);
			defaultConfigurationIsVisible = 0;
			defaultConfigurationName = Release;
		};
		8AD129E723D97F3B0021B8AE /* Build configuration list for PBXNativeTarget "Tinder iOS (Clone)" */ = {
			isa = XCConfigurationList;
			buildConfigurations = (
				8AD129E823D97F3B0021B8AE /* Debug */,
				8AD129E923D97F3B0021B8AE /* Release */,
			);
			defaultConfigurationIsVisible = 0;
			defaultConfigurationName = Release;
		};
/* End XCConfigurationList section */
	};
	rootObject = 8AD129CD23D97F380021B8AE /* Project object */;
}
